{
    "name": "delphi-themes",
    "version": "1.5.0",
    "lockfileVersion": 2,
    "requires": true,
    "packages": {
        "": {
            "name": "delphi-themes",
            "version": "1.5.0",
            "license": "SEE LICENSE IN LICENSE.md",
            "engines": {
                "vscode": "^1.15.0"
            }
        }
    }
}
